
Microsoft Visual Studio Solution File, Format Version 12.00
# Visual Studio Version 16
VisualStudioVersion = 16.0.31321.278
MinimumVisualStudioVersion = 10.0.40219.1
Project("{FAE04EC0-301F-11D3-BF4B-00C04F79EFBC}") = "ManageFiles", "ManageFiles\ManageFiles.csproj", "{B5E474A4-E0FE-4851-9329-F4820EE79F9A}"
EndProject
Global
	GlobalSection(SolutionConfigurationPlatforms) = preSolution
		Debug|Any CPU = Debug|Any CPU
		Release|Any CPU = Release|Any CPU
	EndGlobalSection
	GlobalSection(ProjectConfigurationPlatforms) = postSolution
		{B5E474A4-E0FE-4851-9329-F4820EE79F9A}.Debug|Any CPU.ActiveCfg = Debug|Any CPU
		{B5E474A4-E0FE-4851-9329-F4820EE79F9A}.Debug|Any CPU.Build.0 = Debug|Any CPU
		{B5E474A4-E0FE-4851-9329-F4820EE79F9A}.Release|Any CPU.ActiveCfg = Release|Any CPU
		{B5E474A4-E0FE-4851-9329-F4820EE79F9A}.Release|Any CPU.Build.0 = Release|Any CPU
	EndGlobalSection
	GlobalSection(SolutionProperties) = preSolution
		HideSolutionNode = FALSE
	EndGlobalSection
	GlobalSection(ExtensibilityGlobals) = postSolution
		SolutionGuid = {51422287-A04B-4C45-B8E5-CDB479E6C390}
	EndGlobalSection
EndGlobal
